{
  "name": "ai-review-action",
  "version": "1.0.0",
  "lockfileVersion": 3,
  "requires": true,
  "packages": {
    "": {
      "name": "ai-review-action",
      "version": "1.0.0",
      "license": "MIT",
      "dependencies": {
        "@opencode-ai/sdk": "^1.2.10",
        "js-yaml": "^4.1.0",
        "opencode-ai": "^1.2.10",
        "picomatch": "^4.0.0"
      },
      "engines": {
        "node": ">=22"
      }
    },
    "node_modules/@opencode-ai/sdk": {
      "version": "1.2.10",
      "resolved": "https://registry.npmjs.org/@opencode-ai/sdk/-/sdk-1.2.10.tgz",
      "integrity": "sha512-SyXcVqry2hitPVvQtvXOhqsWyFhSycG/+LTLYXrcq8AFmd9FR7dyBSDB3f5Ol6IPkYOegk8P2Eg2kKPNSNiKGw==",
      "license": "MIT"
    },
    "node_modules/argparse": {
      "version": "2.0.1",
      "resolved": "https://registry.npmjs.org/argparse/-/argparse-2.0.1.tgz",
      "integrity": "sha512-8+9WqebbFzpX9OR+Wa6O29asIogeRMzcGtAINdpMHHyAg10f05aSFVBbcEqGf/PXw1EjAZ+q2/bEBg3DvurK3Q==",
      "license": "Python-2.0"
    },
    "node_modules/js-yaml": {
      "version": "4.1.1",
      "resolved": "https://registry.npmjs.org/js-yaml/-/js-yaml-4.1.1.tgz",
      "integrity": "sha512-qQKT4zQxXl8lLwBtHMWwaTcGfFOZviOJet3Oy/xmGk2gZH677CJM9EvtfdSkgWcATZhj/55JZ0rmy3myCT5lsA==",
      "license": "MIT",
      "dependencies": {
        "argparse": "^2.0.1"
      },
      "bin": {
        "js-yaml": "bin/js-yaml.js"
      }
    },
    "node_modules/opencode-ai": {
      "version": "1.2.10",
      "resolved": "https://registry.npmjs.org/opencode-ai/-/opencode-ai-1.2.10.tgz",
      "integrity": "sha512-hF93CJSJJE++cw/P2YKNp8YD3pZBYOboaZV/ZkOi9hnifFN8UCyoJDeqJrfBZSHp9k9url/7b5mCRan1sOVEzQ==",
      "hasInstallScript": true,
      "license": "MIT",
      "bin": {
        "opencode": "bin/opencode"
      },
      "optionalDependencies": {
        "opencode-darwin-arm64": "1.2.10",
        "opencode-darwin-x64": "1.2.10",
        "opencode-darwin-x64-baseline": "1.2.10",
        "opencode-linux-arm64": "1.2.10",
        "opencode-linux-arm64-musl": "1.2.10",
        "opencode-linux-x64": "1.2.10",
        "opencode-linux-x64-baseline": "1.2.10",
        "opencode-linux-x64-baseline-musl": "1.2.10",
        "opencode-linux-x64-musl": "1.2.10",
        "opencode-windows-x64": "1.2.10",
        "opencode-windows-x64-baseline": "1.2.10"
      }
    },
    "node_modules/opencode-darwin-arm64": {
      "version": "1.2.10",
      "resolved": "https://registry.npmjs.org/opencode-darwin-arm64/-/opencode-darwin-arm64-1.2.10.tgz",
      "integrity": "sha512-r4kxYe1tWc9P2sZ8igUC77JDqQM23fS82C6C1DlIJg6+dbcg1XLqESYsKyByIMIiST4ZDzPOnMQt8u8fGy4S1g==",
      "cpu": [
        "arm64"
      ],
      "optional": true,
      "os": [
        "darwin"
      ]
    },
    "node_modules/opencode-darwin-x64": {
      "version": "1.2.10",
      "resolved": "https://registry.npmjs.org/opencode-darwin-x64/-/opencode-darwin-x64-1.2.10.tgz",
      "integrity": "sha512-fpkoTb6e8g1Nwl4KX/Jj7DmT7pXYXSd28oHZ/A3q0dJ7T8lS94V2vaK8O3QfHuD5H5jgDKxFpNh4XP/w1pyAiQ==",
      "cpu": [
        "x64"
      ],
      "optional": true,
      "os": [
        "darwin"
      ]
    },
    "node_modules/opencode-darwin-x64-baseline": {
      "version": "1.2.10",
      "resolved": "https://registry.npmjs.org/opencode-darwin-x64-baseline/-/opencode-darwin-x64-baseline-1.2.10.tgz",
      "integrity": "sha512-9O4I3RQpGAIixIDUz1tT1iJ3l1DGb84xGD+Cvik7QBTcRxYLg/JEP70jx8XGQUVVN6rRvsHQqTw7uPsjtIgvJQ==",
      "cpu": [
        "x64"
      ],
      "optional": true,
      "os": [
        "darwin"
      ]
    },
    "node_modules/opencode-linux-arm64": {
      "version": "1.2.10",
      "resolved": "https://registry.npmjs.org/opencode-linux-arm64/-/opencode-linux-arm64-1.2.10.tgz",
      "integrity": "sha512-p/FDTWCoQ4AfGy1ejZWYgYor87J/e3X1H0n5piNI420L4LTB8L9KZWvqpgV95NBVNdAgEvrR5JKHYfUIRzk13Q==",
      "cpu": [
        "arm64"
      ],
      "optional": true,
      "os": [
        "linux"
      ]
    },
    "node_modules/opencode-linux-arm64-musl": {
      "version": "1.2.10",
      "resolved": "https://registry.npmjs.org/opencode-linux-arm64-musl/-/opencode-linux-arm64-musl-1.2.10.tgz",
      "integrity": "sha512-VHylFyTXjOpgv9gheq8wwnt5gZZPFyUatFuoAffZNNUvNGlk8hQNYZH4+FryDceWYqCrZl1R9H0Gj68jipNQ3A==",
      "cpu": [
        "arm64"
      ],
      "optional": true,
      "os": [
        "linux"
      ]
    },
    "node_modules/opencode-linux-x64": {
      "version": "1.2.10",
      "resolved": "https://registry.npmjs.org/opencode-linux-x64/-/opencode-linux-x64-1.2.10.tgz",
      "integrity": "sha512-JiRyKYMwpWX7lm8hJ6Qs/P/9bpAJkijL47b2ujauRbt9XVIlV6kVq/kCX2DggiHVWP9oHPrcTXNev3n8739w5Q==",
      "cpu": [
        "x64"
      ],
      "optional": true,
      "os": [
        "linux"
      ]
    },
    "node_modules/opencode-linux-x64-baseline": {
      "version": "1.2.10",
      "resolved": "https://registry.npmjs.org/opencode-linux-x64-baseline/-/opencode-linux-x64-baseline-1.2.10.tgz",
      "integrity": "sha512-L7Lb1M2Op3GE068sb8/clIyUgyUZpEtkoBkpdYU163fMKDX8dhwljUb+nxsywhmS2qZRDk1q8AIUpCpsRUYIIg==",
      "cpu": [
        "x64"
      ],
      "optional": true,
      "os": [
        "linux"
      ]
    },
    "node_modules/opencode-linux-x64-baseline-musl": {
      "version": "1.2.10",
      "resolved": "https://registry.npmjs.org/opencode-linux-x64-baseline-musl/-/opencode-linux-x64-baseline-musl-1.2.10.tgz",
      "integrity": "sha512-+s5kT6mcJPBahgdIgK5Tj6g16bXkQfM2HqNRpuNEpIJnf54GtWkTz5S2mu5OTquKS7botXzXuUdegvhos03qQw==",
      "cpu": [
        "x64"
      ],
      "optional": true,
      "os": [
        "linux"
      ]
    },
    "node_modules/opencode-linux-x64-musl": {
      "version": "1.2.10",
      "resolved": "https://registry.npmjs.org/opencode-linux-x64-musl/-/opencode-linux-x64-musl-1.2.10.tgz",
      "integrity": "sha512-ihSqT1AWCMCsLitd6duLocfeamjq1CWtIehFMpLKIysAdBN5LjZAcPaoJD8aiKtOe8Ehu63IH22Knc8s1UFjTg==",
      "cpu": [
        "x64"
      ],
      "optional": true,
      "os": [
        "linux"
      ]
    },
    "node_modules/opencode-windows-x64": {
      "version": "1.2.10",
      "resolved": "https://registry.npmjs.org/opencode-windows-x64/-/opencode-windows-x64-1.2.10.tgz",
      "integrity": "sha512-Apa0LyS0XUKLc7dX8fcwqAxnxQinX3ZzQdyiXO0JM209EM427dxgK4pWxE2xHRoLm6IooWF0crw9NWhZ1DgYkQ==",
      "cpu": [
        "x64"
      ],
      "optional": true,
      "os": [
        "win32"
      ]
    },
    "node_modules/opencode-windows-x64-baseline": {
      "version": "1.2.10",
      "resolved": "https://registry.npmjs.org/opencode-windows-x64-baseline/-/opencode-windows-x64-baseline-1.2.10.tgz",
      "integrity": "sha512-ImHpnIAyBqPMJ66qab5KNIFteuPp9j+5ZlvybtMN3dnBMDiK+HWz0FttwomODOfz791a5mAZBHrKgznHb3qDbQ==",
      "cpu": [
        "x64"
      ],
      "optional": true,
      "os": [
        "win32"
      ]
    },
    "node_modules/picomatch": {
      "version": "4.0.3",
      "resolved": "https://registry.npmjs.org/picomatch/-/picomatch-4.0.3.tgz",
      "integrity": "sha512-5gTmgEY/sqK6gFXLIsQNH19lWb4ebPDLA4SdLP7dsWkIXHWlG66oPuVvXSGFPppYZz8ZDZq0dYYrbHfBCVUb1Q==",
      "license": "MIT",
      "engines": {
        "node": ">=12"
      },
      "funding": {
        "url": "https://github.com/sponsors/jonschlinkert"
      }
    }
  }
}
