{
  "name": "ai-review-action",
  "version": "1.0.0",
  "lockfileVersion": 3,
  "requires": true,
  "packages": {
    "": {
      "name": "ai-review-action",
      "version": "1.0.0",
      "license": "MIT",
      "dependencies": {
        "@opencode-ai/sdk": "1.2.6",
        "js-yaml": "^4.1.0",
        "opencode-ai": "^0.1.0",
        "picomatch": "^4.0.0"
      },
      "engines": {
        "node": ">=22"
      }
    },
    "node_modules/@opencode-ai/sdk": {
      "version": "1.2.6",
      "resolved": "https://registry.npmjs.org/@opencode-ai/sdk/-/sdk-1.2.6.tgz",
      "integrity": "sha512-dWMF8Aku4h7fh8sw5tQ2FtbqRLbIFT8FcsukpxTird49ax7oUXP+gzqxM/VdxHjfksQvzLBjLZyMdDStc5g7xA==",
      "license": "MIT"
    },
    "node_modules/argparse": {
      "version": "2.0.1",
      "resolved": "https://registry.npmjs.org/argparse/-/argparse-2.0.1.tgz",
      "integrity": "sha512-8+9WqebbFzpX9OR+Wa6O29asIogeRMzcGtAINdpMHHyAg10f05aSFVBbcEqGf/PXw1EjAZ+q2/bEBg3DvurK3Q==",
      "license": "Python-2.0"
    },
    "node_modules/js-yaml": {
      "version": "4.1.1",
      "resolved": "https://registry.npmjs.org/js-yaml/-/js-yaml-4.1.1.tgz",
      "integrity": "sha512-qQKT4zQxXl8lLwBtHMWwaTcGfFOZviOJet3Oy/xmGk2gZH677CJM9EvtfdSkgWcATZhj/55JZ0rmy3myCT5lsA==",
      "license": "MIT",
      "dependencies": {
        "argparse": "^2.0.1"
      },
      "bin": {
        "js-yaml": "bin/js-yaml.js"
      }
    },
    "node_modules/opencode-ai": {
      "version": "0.1.195",
      "resolved": "https://registry.npmjs.org/opencode-ai/-/opencode-ai-0.1.195.tgz",
      "integrity": "sha512-2lPPlGtcYXdyc5rxF2MUCYceRvlBFYAG09i29Pu/wFZsQp7JH/mIcYVoWamNck2R1+N8FgZSJrvPrXibbkWVpQ==",
      "hasInstallScript": true,
      "bin": {
        "opencode": "bin/opencode"
      },
      "optionalDependencies": {
        "opencode-darwin-arm64": "0.1.195",
        "opencode-darwin-x64": "0.1.195",
        "opencode-linux-arm64": "0.1.195",
        "opencode-linux-x64": "0.1.195",
        "opencode-windows-x64": "0.1.195"
      }
    },
    "node_modules/opencode-darwin-arm64": {
      "version": "0.1.195",
      "resolved": "https://registry.npmjs.org/opencode-darwin-arm64/-/opencode-darwin-arm64-0.1.195.tgz",
      "integrity": "sha512-DIPjjH62OlLYT6VC11CNweMni1ReyrXHWbL6z1D/ZB37oTxAhSRH5LNbK4caCqNq13cuw8fEKRkIQcSAquyA1A==",
      "cpu": [
        "arm64"
      ],
      "optional": true,
      "os": [
        "darwin"
      ]
    },
    "node_modules/opencode-darwin-x64": {
      "version": "0.1.195",
      "resolved": "https://registry.npmjs.org/opencode-darwin-x64/-/opencode-darwin-x64-0.1.195.tgz",
      "integrity": "sha512-4IYlvPqOjpRQZ3rSqWeFAb9ufu7B1BhXYFtHz47GyLhfkKW8+MoPNvZUN8tmI4zSPmts2g12co2PmMNnDpSCPQ==",
      "cpu": [
        "x64"
      ],
      "optional": true,
      "os": [
        "darwin"
      ]
    },
    "node_modules/opencode-linux-arm64": {
      "version": "0.1.195",
      "resolved": "https://registry.npmjs.org/opencode-linux-arm64/-/opencode-linux-arm64-0.1.195.tgz",
      "integrity": "sha512-F/eRiXMLeBdy9pU8csTElzbwFuA1PwcbBCRYeZHzLCZOXfIzbueEGU17FPMKZcb71H6+KDoSsc5PlGapiJB5sw==",
      "cpu": [
        "arm64"
      ],
      "optional": true,
      "os": [
        "linux"
      ]
    },
    "node_modules/opencode-linux-x64": {
      "version": "0.1.195",
      "resolved": "https://registry.npmjs.org/opencode-linux-x64/-/opencode-linux-x64-0.1.195.tgz",
      "integrity": "sha512-JWFJRrDixT3Ty5nlzTkmXHM9lkh6x//hUdi+OG7ffoXioXE5vyxcoudByQLpk6g6nW+8UL4+gwy4IhdT4aRk1w==",
      "cpu": [
        "x64"
      ],
      "optional": true,
      "os": [
        "linux"
      ]
    },
    "node_modules/opencode-windows-x64": {
      "version": "0.1.195",
      "resolved": "https://registry.npmjs.org/opencode-windows-x64/-/opencode-windows-x64-0.1.195.tgz",
      "integrity": "sha512-ZrtxLOU2Iwa61KD156PzgxBaK3qc0ikMRO0ULWRdtpQo8KZWv7v3BxDNqX0AUKfmupqLa2Laoo+4XRQLSqBITA==",
      "cpu": [
        "x64"
      ],
      "optional": true,
      "os": [
        "win32"
      ]
    },
    "node_modules/picomatch": {
      "version": "4.0.3",
      "resolved": "https://registry.npmjs.org/picomatch/-/picomatch-4.0.3.tgz",
      "integrity": "sha512-5gTmgEY/sqK6gFXLIsQNH19lWb4ebPDLA4SdLP7dsWkIXHWlG66oPuVvXSGFPppYZz8ZDZq0dYYrbHfBCVUb1Q==",
      "license": "MIT",
      "engines": {
        "node": ">=12"
      },
      "funding": {
        "url": "https://github.com/sponsors/jonschlinkert"
      }
    }
  }
}
